
Microsoft Visual Studio Solution File, Format Version 12.00
# Visual Studio Version 16
VisualStudioVersion = 16.0.30907.101
MinimumVisualStudioVersion = 10.0.40219.1
Project("{FAE04EC0-301F-11D3-BF4B-00C04F79EFBC}") = "FurnitureRepair", "FurnitureRepair.csproj", "{06F36EB6-03F6-429B-A065-BE4D3EA30CD8}"
EndProject
Global
	GlobalSection(SolutionConfigurationPlatforms) = preSolution
		Debug|Any CPU = Debug|Any CPU
		Release|Any CPU = Release|Any CPU
	EndGlobalSection
	GlobalSection(ProjectConfigurationPlatforms) = postSolution
		{06F36EB6-03F6-429B-A065-BE4D3EA30CD8}.Debug|Any CPU.ActiveCfg = Debug|Any CPU
		{06F36EB6-03F6-429B-A065-BE4D3EA30CD8}.Debug|Any CPU.Build.0 = Debug|Any CPU
		{06F36EB6-03F6-429B-A065-BE4D3EA30CD8}.Release|Any CPU.ActiveCfg = Release|Any CPU
		{06F36EB6-03F6-429B-A065-BE4D3EA30CD8}.Release|Any CPU.Build.0 = Release|Any CPU
	EndGlobalSection
	GlobalSection(SolutionProperties) = preSolution
		HideSolutionNode = FALSE
	EndGlobalSection
	GlobalSection(ExtensibilityGlobals) = postSolution
		SolutionGuid = {DD934E21-C053-4846-A737-D08027183AFE}
	EndGlobalSection
EndGlobal
